// !$*UTF8*$!
{
	archiveVersion = 1;
	classes = {
	};
	objectVersion = 56;
	objects = {

/* Begin PBXBuildFile section */
		42358ED52AE57D9500DF1316 /* main.cpp in Sources */ = {isa = PBXBuildFile; fileRef = 42358ED42AE57D9500DF1316 /* main.cpp */; };
		42F18F432AE5CA080013DEBB /* Num.cpp in Sources */ = {isa = PBXBuildFile; fileRef = 42F18F422AE5CA080013DEBB /* Num.cpp */; };
		42F18F462AE5CA5B0013DEBB /* Prod.cpp in Sources */ = {isa = PBXBuildFile; fileRef = 42F18F442AE5CA5B0013DEBB /* Prod.cpp */; };
		42F18F492AE5CB8C0013DEBB /* Sum.cpp in Sources */ = {isa = PBXBuildFile; fileRef = 42F18F472AE5CB8C0013DEBB /* Sum.cpp */; };
		42F18F4C2AE5CD1F0013DEBB /* Power.cpp in Sources */ = {isa = PBXBuildFile; fileRef = 42F18F4A2AE5CD1F0013DEBB /* Power.cpp */; };
		42F18F4F2AE5CDE00013DEBB /* Var.cpp in Sources */ = {isa = PBXBuildFile; fileRef = 42F18F4D2AE5CDE00013DEBB /* Var.cpp */; };
/* End PBXBuildFile section */

/* Begin PBXCopyFilesBuildPhase section */
		42358ECF2AE57D9500DF1316 /* CopyFiles */ = {
			isa = PBXCopyFilesBuildPhase;
			buildActionMask = 2147483647;
			dstPath = /usr/share/man/man1/;
			dstSubfolderSpec = 0;
			files = (
			);
			runOnlyForDeploymentPostprocessing = 1;
		};
/* End PBXCopyFilesBuildPhase section */

/* Begin PBXFileReference section */
		42358ED12AE57D9500DF1316 /* LCAS */ = {isa = PBXFileReference; explicitFileType = "compiled.mach-o.executable"; includeInIndex = 0; path = LCAS; sourceTree = BUILT_PRODUCTS_DIR; };
		42358ED42AE57D9500DF1316 /* main.cpp */ = {isa = PBXFileReference; lastKnownFileType = sourcecode.cpp.cpp; path = main.cpp; sourceTree = "<group>"; };
		42F18F402AE5C8F80013DEBB /* Expr.hpp */ = {isa = PBXFileReference; lastKnownFileType = sourcecode.cpp.h; path = Expr.hpp; sourceTree = "<group>"; };
		42F18F412AE5C94D0013DEBB /* Num.hpp */ = {isa = PBXFileReference; lastKnownFileType = sourcecode.cpp.h; path = Num.hpp; sourceTree = "<group>"; };
		42F18F422AE5CA080013DEBB /* Num.cpp */ = {isa = PBXFileReference; lastKnownFileType = sourcecode.cpp.cpp; path = Num.cpp; sourceTree = "<group>"; };
		42F18F442AE5CA5B0013DEBB /* Prod.cpp */ = {isa = PBXFileReference; lastKnownFileType = sourcecode.cpp.cpp; path = Prod.cpp; sourceTree = "<group>"; };
		42F18F452AE5CA5B0013DEBB /* Prod.hpp */ = {isa = PBXFileReference; lastKnownFileType = sourcecode.cpp.h; path = Prod.hpp; sourceTree = "<group>"; };
		42F18F472AE5CB8C0013DEBB /* Sum.cpp */ = {isa = PBXFileReference; lastKnownFileType = sourcecode.cpp.cpp; path = Sum.cpp; sourceTree = "<group>"; };
		42F18F482AE5CB8C0013DEBB /* Sum.hpp */ = {isa = PBXFileReference; lastKnownFileType = sourcecode.cpp.h; path = Sum.hpp; sourceTree = "<group>"; };
		42F18F4A2AE5CD1F0013DEBB /* Power.cpp */ = {isa = PBXFileReference; lastKnownFileType = sourcecode.cpp.cpp; path = Power.cpp; sourceTree = "<group>"; };
		42F18F4B2AE5CD1F0013DEBB /* Power.hpp */ = {isa = PBXFileReference; lastKnownFileType = sourcecode.cpp.h; path = Power.hpp; sourceTree = "<group>"; };
		42F18F4D2AE5CDE00013DEBB /* Var.cpp */ = {isa = PBXFileReference; lastKnownFileType = sourcecode.cpp.cpp; path = Var.cpp; sourceTree = "<group>"; };
		42F18F4E2AE5CDE00013DEBB /* Var.hpp */ = {isa = PBXFileReference; lastKnownFileType = sourcecode.cpp.h; path = Var.hpp; sourceTree = "<group>"; };
/* End PBXFileReference section */

/* Begin PBXFrameworksBuildPhase section */
		42358ECE2AE57D9500DF1316 /* Frameworks */ = {
			isa = PBXFrameworksBuildPhase;
			buildActionMask = 2147483647;
			files = (
			);
			runOnlyForDeploymentPostprocessing = 0;
		};
/* End PBXFrameworksBuildPhase section */

/* Begin PBXGroup section */
		42358EC82AE57D9500DF1316 = {
			isa = PBXGroup;
			children = (
				42358ED32AE57D9500DF1316 /* LCAS */,
				42358ED22AE57D9500DF1316 /* Products */,
			);
			sourceTree = "<group>";
		};
		42358ED22AE57D9500DF1316 /* Products */ = {
			isa = PBXGroup;
			children = (
				42358ED12AE57D9500DF1316 /* LCAS */,
			);
			name = Products;
			sourceTree = "<group>";
		};
		42358ED32AE57D9500DF1316 /* LCAS */ = {
			isa = PBXGroup;
			children = (
				42358ED42AE57D9500DF1316 /* main.cpp */,
				42F18F4D2AE5CDE00013DEBB /* Var.cpp */,
				42F18F4E2AE5CDE00013DEBB /* Var.hpp */,
				42F18F4A2AE5CD1F0013DEBB /* Power.cpp */,
				42F18F4B2AE5CD1F0013DEBB /* Power.hpp */,
				42F18F472AE5CB8C0013DEBB /* Sum.cpp */,
				42F18F482AE5CB8C0013DEBB /* Sum.hpp */,
				42F18F402AE5C8F80013DEBB /* Expr.hpp */,
				42F18F412AE5C94D0013DEBB /* Num.hpp */,
				42F18F422AE5CA080013DEBB /* Num.cpp */,
				42F18F442AE5CA5B0013DEBB /* Prod.cpp */,
				42F18F452AE5CA5B0013DEBB /* Prod.hpp */,
			);
			path = LCAS;
			sourceTree = "<group>";
		};
/* End PBXGroup section */

/* Begin PBXNativeTarget section */
		42358ED02AE57D9500DF1316 /* LCAS */ = {
			isa = PBXNativeTarget;
			buildConfigurationList = 42358ED82AE57D9500DF1316 /* Build configuration list for PBXNativeTarget "LCAS" */;
			buildPhases = (
				42358ECD2AE57D9500DF1316 /* Sources */,
				42358ECE2AE57D9500DF1316 /* Frameworks */,
				42358ECF2AE57D9500DF1316 /* CopyFiles */,
			);
			buildRules = (
			);
			dependencies = (
			);
			name = LCAS;
			productName = LCAS;
			productReference = 42358ED12AE57D9500DF1316 /* LCAS */;
			productType = "com.apple.product-type.tool";
		};
/* End PBXNativeTarget section */

/* Begin PBXProject section */
		42358EC92AE57D9500DF1316 /* Project object */ = {
			isa = PBXProject;
			attributes = {
				BuildIndependentTargetsInParallel = 1;
				LastUpgradeCheck = 1500;
				TargetAttributes = {
					42358ED02AE57D9500DF1316 = {
						CreatedOnToolsVersion = 15.0;
					};
				};
			};
			buildConfigurationList = 42358ECC2AE57D9500DF1316 /* Build configuration list for PBXProject "LCAS" */;
			compatibilityVersion = "Xcode 14.0";
			developmentRegion = en;
			hasScannedForEncodings = 0;
			knownRegions = (
				en,
				Base,
			);
			mainGroup = 42358EC82AE57D9500DF1316;
			productRefGroup = 42358ED22AE57D9500DF1316 /* Products */;
			projectDirPath = "";
			projectRoot = "";
			targets = (
				42358ED02AE57D9500DF1316 /* LCAS */,
			);
		};
/* End PBXProject section */

/* Begin PBXSourcesBuildPhase section */
		42358ECD2AE57D9500DF1316 /* Sources */ = {
			isa = PBXSourcesBuildPhase;
			buildActionMask = 2147483647;
			files = (
				42F18F462AE5CA5B0013DEBB /* Prod.cpp in Sources */,
				42F18F4C2AE5CD1F0013DEBB /* Power.cpp in Sources */,
				42F18F492AE5CB8C0013DEBB /* Sum.cpp in Sources */,
				42F18F4F2AE5CDE00013DEBB /* Var.cpp in Sources */,
				42F18F432AE5CA080013DEBB /* Num.cpp in Sources */,
				42358ED52AE57D9500DF1316 /* main.cpp in Sources */,
			);
			runOnlyForDeploymentPostprocessing = 0;
		};
/* End PBXSourcesBuildPhase section */

/* Begin XCBuildConfiguration section */
		42358ED62AE57D9500DF1316 /* Debug */ = {
			isa = XCBuildConfiguration;
			buildSettings = {
				ALWAYS_SEARCH_USER_PATHS = NO;
				ASSETCATALOG_COMPILER_GENERATE_SWIFT_ASSET_SYMBOL_EXTENSIONS = YES;
				CLANG_ANALYZER_NONNULL = YES;
				CLANG_ANALYZER_NUMBER_OBJECT_CONVERSION = YES_AGGRESSIVE;
				CLANG_CXX_LANGUAGE_STANDARD = "gnu++20";
				CLANG_ENABLE_MODULES = YES;
				CLANG_ENABLE_OBJC_ARC = YES;
				CLANG_ENABLE_OBJC_WEAK = YES;
				CLANG_WARN_BLOCK_CAPTURE_AUTORELEASING = YES;
				CLANG_WARN_BOOL_CONVERSION = YES;
				CLANG_WARN_COMMA = YES;
				CLANG_WARN_CONSTANT_CONVERSION = YES;
				CLANG_WARN_DEPRECATED_OBJC_IMPLEMENTATIONS = YES;
				CLANG_WARN_DIRECT_OBJC_ISA_USAGE = YES_ERROR;
				CLANG_WARN_DOCUMENTATION_COMMENTS = YES;
				CLANG_WARN_EMPTY_BODY = YES;
				CLANG_WARN_ENUM_CONVERSION = YES;
				CLANG_WARN_INFINITE_RECURSION = YES;
				CLANG_WARN_INT_CONVERSION = YES;
				CLANG_WARN_NON_LITERAL_NULL_CONVERSION = YES;
				CLANG_WARN_OBJC_IMPLICIT_RETAIN_SELF = YES;
				CLANG_WARN_OBJC_LITERAL_CONVERSION = YES;
				CLANG_WARN_OBJC_ROOT_CLASS = YES_ERROR;
				CLANG_WARN_QUOTED_INCLUDE_IN_FRAMEWORK_HEADER = YES;
				CLANG_WARN_RANGE_LOOP_ANALYSIS = YES;
				CLANG_WARN_STRICT_PROTOTYPES = YES;
				CLANG_WARN_SUSPICIOUS_MOVE = YES;
				CLANG_WARN_UNGUARDED_AVAILABILITY = YES_AGGRESSIVE;
				CLANG_WARN_UNREACHABLE_CODE = YES;
				CLANG_WARN__DUPLICATE_METHOD_MATCH = YES;
				COPY_PHASE_STRIP = NO;
				DEBUG_INFORMATION_FORMAT = dwarf;
				ENABLE_STRICT_OBJC_MSGSEND = YES;
				ENABLE_TESTABILITY = YES;
				ENABLE_USER_SCRIPT_SANDBOXING = YES;
				GCC_C_LANGUAGE_STANDARD = gnu17;
				GCC_DYNAMIC_NO_PIC = NO;
				GCC_NO_COMMON_BLOCKS = YES;
				GCC_OPTIMIZATION_LEVEL = 0;
				GCC_PREPROCESSOR_DEFINITIONS = (
					"DEBUG=1",
					"$(inherited)",
				);
				GCC_WARN_64_TO_32_BIT_CONVERSION = YES;
				GCC_WARN_ABOUT_RETURN_TYPE = YES_ERROR;
				GCC_WARN_UNDECLARED_SELECTOR = YES;
				GCC_WARN_UNINITIALIZED_AUTOS = YES_AGGRESSIVE;
				GCC_WARN_UNUSED_FUNCTION = YES;
				GCC_WARN_UNUSED_VARIABLE = YES;
				LOCALIZATION_PREFERS_STRING_CATALOGS = YES;
				MACOSX_DEPLOYMENT_TARGET = 14.0;
				MTL_ENABLE_DEBUG_INFO = INCLUDE_SOURCE;
				MTL_FAST_MATH = YES;
				ONLY_ACTIVE_ARCH = YES;
				SDKROOT = macosx;
			};
			name = Debug;
		};
		42358ED72AE57D9500DF1316 /* Release */ = {
			isa = XCBuildConfiguration;
			buildSettings = {
				ALWAYS_SEARCH_USER_PATHS = NO;
				ASSETCATALOG_COMPILER_GENERATE_SWIFT_ASSET_SYMBOL_EXTENSIONS = YES;
				CLANG_ANALYZER_NONNULL = YES;
				CLANG_ANALYZER_NUMBER_OBJECT_CONVERSION = YES_AGGRESSIVE;
				CLANG_CXX_LANGUAGE_STANDARD = "gnu++20";
				CLANG_ENABLE_MODULES = YES;
				CLANG_ENABLE_OBJC_ARC = YES;
				CLANG_ENABLE_OBJC_WEAK = YES;
				CLANG_WARN_BLOCK_CAPTURE_AUTORELEASING = YES;
				CLANG_WARN_BOOL_CONVERSION = YES;
				CLANG_WARN_COMMA = YES;
				CLANG_WARN_CONSTANT_CONVERSION = YES;
				CLANG_WARN_DEPRECATED_OBJC_IMPLEMENTATIONS = YES;
				CLANG_WARN_DIRECT_OBJC_ISA_USAGE = YES_ERROR;
				CLANG_WARN_DOCUMENTATION_COMMENTS = YES;
				CLANG_WARN_EMPTY_BODY = YES;
				CLANG_WARN_ENUM_CONVERSION = YES;
				CLANG_WARN_INFINITE_RECURSION = YES;
				CLANG_WARN_INT_CONVERSION = YES;
				CLANG_WARN_NON_LITERAL_NULL_CONVERSION = YES;
				CLANG_WARN_OBJC_IMPLICIT_RETAIN_SELF = YES;
				CLANG_WARN_OBJC_LITERAL_CONVERSION = YES;
				CLANG_WARN_OBJC_ROOT_CLASS = YES_ERROR;
				CLANG_WARN_QUOTED_INCLUDE_IN_FRAMEWORK_HEADER = YES;
				CLANG_WARN_RANGE_LOOP_ANALYSIS = YES;
				CLANG_WARN_STRICT_PROTOTYPES = YES;
				CLANG_WARN_SUSPICIOUS_MOVE = YES;
				CLANG_WARN_UNGUARDED_AVAILABILITY = YES_AGGRESSIVE;
				CLANG_WARN_UNREACHABLE_CODE = YES;
				CLANG_WARN__DUPLICATE_METHOD_MATCH = YES;
				COPY_PHASE_STRIP = NO;
				DEBUG_INFORMATION_FORMAT = "dwarf-with-dsym";
				ENABLE_NS_ASSERTIONS = NO;
				ENABLE_STRICT_OBJC_MSGSEND = YES;
				ENABLE_USER_SCRIPT_SANDBOXING = YES;
				GCC_C_LANGUAGE_STANDARD = gnu17;
				GCC_NO_COMMON_BLOCKS = YES;
				GCC_WARN_64_TO_32_BIT_CONVERSION = YES;
				GCC_WARN_ABOUT_RETURN_TYPE = YES_ERROR;
				GCC_WARN_UNDECLARED_SELECTOR = YES;
				GCC_WARN_UNINITIALIZED_AUTOS = YES_AGGRESSIVE;
				GCC_WARN_UNUSED_FUNCTION = YES;
				GCC_WARN_UNUSED_VARIABLE = YES;
				LOCALIZATION_PREFERS_STRING_CATALOGS = YES;
				MACOSX_DEPLOYMENT_TARGET = 14.0;
				MTL_ENABLE_DEBUG_INFO = NO;
				MTL_FAST_MATH = YES;
				SDKROOT = macosx;
			};
			name = Release;
		};
		42358ED92AE57D9500DF1316 /* Debug */ = {
			isa = XCBuildConfiguration;
			buildSettings = {
				CODE_SIGN_STYLE = Automatic;
				DEVELOPMENT_TEAM = YMN3MW57X2;
				ENABLE_HARDENED_RUNTIME = YES;
				PRODUCT_NAME = "$(TARGET_NAME)";
			};
			name = Debug;
		};
		42358EDA2AE57D9500DF1316 /* Release */ = {
			isa = XCBuildConfiguration;
			buildSettings = {
				CODE_SIGN_STYLE = Automatic;
				DEVELOPMENT_TEAM = YMN3MW57X2;
				ENABLE_HARDENED_RUNTIME = YES;
				PRODUCT_NAME = "$(TARGET_NAME)";
			};
			name = Release;
		};
/* End XCBuildConfiguration section */

/* Begin XCConfigurationList section */
		42358ECC2AE57D9500DF1316 /* Build configuration list for PBXProject "LCAS" */ = {
			isa = XCConfigurationList;
			buildConfigurations = (
				42358ED62AE57D9500DF1316 /* Debug */,
				42358ED72AE57D9500DF1316 /* Release */,
			);
			defaultConfigurationIsVisible = 0;
			defaultConfigurationName = Release;
		};
		42358ED82AE57D9500DF1316 /* Build configuration list for PBXNativeTarget "LCAS" */ = {
			isa = XCConfigurationList;
			buildConfigurations = (
				42358ED92AE57D9500DF1316 /* Debug */,
				42358EDA2AE57D9500DF1316 /* Release */,
			);
			defaultConfigurationIsVisible = 0;
			defaultConfigurationName = Release;
		};
/* End XCConfigurationList section */
	};
	rootObject = 42358EC92AE57D9500DF1316 /* Project object */;
}
